
Microsoft Visual Studio Solution File, Format Version 12.00
# Visual Studio 15
VisualStudioVersion = 15.0.28010.2046
MinimumVisualStudioVersion = 10.0.40219.1
Project("{9A19103F-16F7-4668-BE54-9A1E7A4F7556}") = "Alg.Sorting", "Alg.Sorting\Alg.Sorting.csproj", "{D73745F7-C2C9-4E73-B063-6CED27A07E7C}"
EndProject
Project("{9A19103F-16F7-4668-BE54-9A1E7A4F7556}") = "Alg.Sorting.Tests", "Alg.Sorting.Tests\Alg.Sorting.Tests.csproj", "{2D50265B-A240-4426-A7D7-84523930E5FE}"
EndProject
Project("{9A19103F-16F7-4668-BE54-9A1E7A4F7556}") = "Alg.Searching", "Alg.Searching\Alg.Searching.csproj", "{BADC8403-85CD-4597-9A8C-62CA7E746E62}"
EndProject
Project("{9A19103F-16F7-4668-BE54-9A1E7A4F7556}") = "Alg.Searching.Tests", "Alg.Searching.Tests\Alg.Searching.Tests.csproj", "{215E139E-3BF4-4457-B3C1-5BF04D1C8745}"
EndProject
Project("{FAE04EC0-301F-11D3-BF4B-00C04F79EFBC}") = "Alg.Problem", "Alg.Problem\Alg.Problem.csproj", "{F5C9210E-77EA-48CF-ACB6-665C51E99F74}"
EndProject
Project("{FAE04EC0-301F-11D3-BF4B-00C04F79EFBC}") = "Alg.Problem.Tests", "Alg.Problem.Tests\Alg.Problem.Tests.csproj", "{AF449792-2ED2-41E2-9C7F-D659425E0E7D}"
EndProject
Global
	GlobalSection(SolutionConfigurationPlatforms) = preSolution
		Debug|Any CPU = Debug|Any CPU
		Release|Any CPU = Release|Any CPU
	EndGlobalSection
	GlobalSection(ProjectConfigurationPlatforms) = postSolution
		{D73745F7-C2C9-4E73-B063-6CED27A07E7C}.Debug|Any CPU.ActiveCfg = Debug|Any CPU
		{D73745F7-C2C9-4E73-B063-6CED27A07E7C}.Debug|Any CPU.Build.0 = Debug|Any CPU
		{D73745F7-C2C9-4E73-B063-6CED27A07E7C}.Release|Any CPU.ActiveCfg = Release|Any CPU
		{D73745F7-C2C9-4E73-B063-6CED27A07E7C}.Release|Any CPU.Build.0 = Release|Any CPU
		{2D50265B-A240-4426-A7D7-84523930E5FE}.Debug|Any CPU.ActiveCfg = Debug|Any CPU
		{2D50265B-A240-4426-A7D7-84523930E5FE}.Debug|Any CPU.Build.0 = Debug|Any CPU
		{2D50265B-A240-4426-A7D7-84523930E5FE}.Release|Any CPU.ActiveCfg = Release|Any CPU
		{2D50265B-A240-4426-A7D7-84523930E5FE}.Release|Any CPU.Build.0 = Release|Any CPU
		{BADC8403-85CD-4597-9A8C-62CA7E746E62}.Debug|Any CPU.ActiveCfg = Debug|Any CPU
		{BADC8403-85CD-4597-9A8C-62CA7E746E62}.Debug|Any CPU.Build.0 = Debug|Any CPU
		{BADC8403-85CD-4597-9A8C-62CA7E746E62}.Release|Any CPU.ActiveCfg = Release|Any CPU
		{BADC8403-85CD-4597-9A8C-62CA7E746E62}.Release|Any CPU.Build.0 = Release|Any CPU
		{215E139E-3BF4-4457-B3C1-5BF04D1C8745}.Debug|Any CPU.ActiveCfg = Debug|Any CPU
		{215E139E-3BF4-4457-B3C1-5BF04D1C8745}.Debug|Any CPU.Build.0 = Debug|Any CPU
		{215E139E-3BF4-4457-B3C1-5BF04D1C8745}.Release|Any CPU.ActiveCfg = Release|Any CPU
		{215E139E-3BF4-4457-B3C1-5BF04D1C8745}.Release|Any CPU.Build.0 = Release|Any CPU
		{F5C9210E-77EA-48CF-ACB6-665C51E99F74}.Debug|Any CPU.ActiveCfg = Debug|Any CPU
		{F5C9210E-77EA-48CF-ACB6-665C51E99F74}.Debug|Any CPU.Build.0 = Debug|Any CPU
		{F5C9210E-77EA-48CF-ACB6-665C51E99F74}.Release|Any CPU.ActiveCfg = Release|Any CPU
		{F5C9210E-77EA-48CF-ACB6-665C51E99F74}.Release|Any CPU.Build.0 = Release|Any CPU
		{AF449792-2ED2-41E2-9C7F-D659425E0E7D}.Debug|Any CPU.ActiveCfg = Debug|Any CPU
		{AF449792-2ED2-41E2-9C7F-D659425E0E7D}.Debug|Any CPU.Build.0 = Debug|Any CPU
		{AF449792-2ED2-41E2-9C7F-D659425E0E7D}.Release|Any CPU.ActiveCfg = Release|Any CPU
		{AF449792-2ED2-41E2-9C7F-D659425E0E7D}.Release|Any CPU.Build.0 = Release|Any CPU
	EndGlobalSection
	GlobalSection(SolutionProperties) = preSolution
		HideSolutionNode = FALSE
	EndGlobalSection
	GlobalSection(ExtensibilityGlobals) = postSolution
		SolutionGuid = {888B0CEE-A802-4CBB-AB14-E67F0F595904}
	EndGlobalSection
EndGlobal
